
Microsoft Visual Studio Solution File, Format Version 12.00
# Visual Studio 15
VisualStudioVersion = 15.0.27703.2018
MinimumVisualStudioVersion = 10.0.40219.1
Project("{FAE04EC0-301F-11D3-BF4B-00C04F79EFBC}") = "DragDropAnimated", "DragDropAnimated\DragDropAnimated.csproj", "{C6742588-D110-47B8-B69C-13790907055C}"
EndProject
Global
	GlobalSection(SolutionConfigurationPlatforms) = preSolution
		Debug|Any CPU = Debug|Any CPU
		Release|Any CPU = Release|Any CPU
	EndGlobalSection
	GlobalSection(ProjectConfigurationPlatforms) = postSolution
		{C6742588-D110-47B8-B69C-13790907055C}.Debug|Any CPU.ActiveCfg = Debug|Any CPU
		{C6742588-D110-47B8-B69C-13790907055C}.Debug|Any CPU.Build.0 = Debug|Any CPU
		{C6742588-D110-47B8-B69C-13790907055C}.Release|Any CPU.ActiveCfg = Release|Any CPU
		{C6742588-D110-47B8-B69C-13790907055C}.Release|Any CPU.Build.0 = Release|Any CPU
	EndGlobalSection
	GlobalSection(SolutionProperties) = preSolution
		HideSolutionNode = FALSE
	EndGlobalSection
	GlobalSection(ExtensibilityGlobals) = postSolution
		SolutionGuid = {0BD2EF52-5AEB-49C0-BA67-F743D7A2E27B}
	EndGlobalSection
EndGlobal
